// !$*UTF8*$!
{
	archiveVersion = 1;
	classes = {
	};
	objectVersion = 51;
	objects = {

/* Begin PBXBuildFile section */
		424EDD0004B13A9CA1FBB34F /* Pods_AlamofireTest2.framework in Frameworks */ = {isa = PBXBuildFile; fileRef = 56F32B19D4F1B9D5C08FE522 /* Pods_AlamofireTest2.framework */; };
		95D4584324AC623800C5466E /* AppDelegate.swift in Sources */ = {isa = PBXBuildFile; fileRef = 95D4584224AC623800C5466E /* AppDelegate.swift */; };
		95D4584524AC623800C5466E /* SceneDelegate.swift in Sources */ = {isa = PBXBuildFile; fileRef = 95D4584424AC623800C5466E /* SceneDelegate.swift */; };
		95D4584724AC623800C5466E /* ViewController.swift in Sources */ = {isa = PBXBuildFile; fileRef = 95D4584624AC623800C5466E /* ViewController.swift */; };
		95D4584A24AC623800C5466E /* Main.storyboard in Resources */ = {isa = PBXBuildFile; fileRef = 95D4584824AC623800C5466E /* Main.storyboard */; };
		95D4584C24AC623F00C5466E /* Assets.xcassets in Resources */ = {isa = PBXBuildFile; fileRef = 95D4584B24AC623F00C5466E /* Assets.xcassets */; };
		95D4584F24AC623F00C5466E /* LaunchScreen.storyboard in Resources */ = {isa = PBXBuildFile; fileRef = 95D4584D24AC623F00C5466E /* LaunchScreen.storyboard */; };
		95D4585724AC62BB00C5466E /* Service.swift in Sources */ = {isa = PBXBuildFile; fileRef = 95D4585624AC62BB00C5466E /* Service.swift */; };
		95D4585924AC63C000C5466E /* Country.swift in Sources */ = {isa = PBXBuildFile; fileRef = 95D4585824AC63C000C5466E /* Country.swift */; };
/* End PBXBuildFile section */

/* Begin PBXFileReference section */
		494A57A192D17770E0B398E3 /* Pods-AlamofireTest2.release.xcconfig */ = {isa = PBXFileReference; includeInIndex = 1; lastKnownFileType = text.xcconfig; name = "Pods-AlamofireTest2.release.xcconfig"; path = "Target Support Files/Pods-AlamofireTest2/Pods-AlamofireTest2.release.xcconfig"; sourceTree = "<group>"; };
		56F32B19D4F1B9D5C08FE522 /* Pods_AlamofireTest2.framework */ = {isa = PBXFileReference; explicitFileType = wrapper.framework; includeInIndex = 0; path = Pods_AlamofireTest2.framework; sourceTree = BUILT_PRODUCTS_DIR; };
		95D4583F24AC623800C5466E /* AlamofireTest2.app */ = {isa = PBXFileReference; explicitFileType = wrapper.application; includeInIndex = 0; path = AlamofireTest2.app; sourceTree = BUILT_PRODUCTS_DIR; };
		95D4584224AC623800C5466E /* AppDelegate.swift */ = {isa = PBXFileReference; lastKnownFileType = sourcecode.swift; path = AppDelegate.swift; sourceTree = "<group>"; };
		95D4584424AC623800C5466E /* SceneDelegate.swift */ = {isa = PBXFileReference; lastKnownFileType = sourcecode.swift; path = SceneDelegate.swift; sourceTree = "<group>"; };
		95D4584624AC623800C5466E /* ViewController.swift */ = {isa = PBXFileReference; lastKnownFileType = sourcecode.swift; path = ViewController.swift; sourceTree = "<group>"; };
		95D4584924AC623800C5466E /* Base */ = {isa = PBXFileReference; lastKnownFileType = file.storyboard; name = Base; path = Base.lproj/Main.storyboard; sourceTree = "<group>"; };
		95D4584B24AC623F00C5466E /* Assets.xcassets */ = {isa = PBXFileReference; lastKnownFileType = folder.assetcatalog; path = Assets.xcassets; sourceTree = "<group>"; };
		95D4584E24AC623F00C5466E /* Base */ = {isa = PBXFileReference; lastKnownFileType = file.storyboard; name = Base; path = Base.lproj/LaunchScreen.storyboard; sourceTree = "<group>"; };
		95D4585024AC623F00C5466E /* Info.plist */ = {isa = PBXFileReference; lastKnownFileType = text.plist.xml; path = Info.plist; sourceTree = "<group>"; };
		95D4585624AC62BB00C5466E /* Service.swift */ = {isa = PBXFileReference; lastKnownFileType = sourcecode.swift; path = Service.swift; sourceTree = "<group>"; };
		95D4585824AC63C000C5466E /* Country.swift */ = {isa = PBXFileReference; lastKnownFileType = sourcecode.swift; path = Country.swift; sourceTree = "<group>"; };
		DE0042A948A44A2FD420286F /* Pods-AlamofireTest2.debug.xcconfig */ = {isa = PBXFileReference; includeInIndex = 1; lastKnownFileType = text.xcconfig; name = "Pods-AlamofireTest2.debug.xcconfig"; path = "Target Support Files/Pods-AlamofireTest2/Pods-AlamofireTest2.debug.xcconfig"; sourceTree = "<group>"; };
/* End PBXFileReference section */

/* Begin PBXFrameworksBuildPhase section */
		95D4583C24AC623800C5466E /* Frameworks */ = {
			isa = PBXFrameworksBuildPhase;
			buildActionMask = 2147483647;
			files = (
				424EDD0004B13A9CA1FBB34F /* Pods_AlamofireTest2.framework in Frameworks */,
			);
			runOnlyForDeploymentPostprocessing = 0;
		};
/* End PBXFrameworksBuildPhase section */

/* Begin PBXGroup section */
		79DCF235698ED5A47DE618DE /* Frameworks */ = {
			isa = PBXGroup;
			children = (
				56F32B19D4F1B9D5C08FE522 /* Pods_AlamofireTest2.framework */,
			);
			name = Frameworks;
			sourceTree = "<group>";
		};
		8E8C36F9FB2C0B156A49D299 /* Pods */ = {
			isa = PBXGroup;
			children = (
				DE0042A948A44A2FD420286F /* Pods-AlamofireTest2.debug.xcconfig */,
				494A57A192D17770E0B398E3 /* Pods-AlamofireTest2.release.xcconfig */,
			);
			path = Pods;
			sourceTree = "<group>";
		};
		95D4583624AC623800C5466E = {
			isa = PBXGroup;
			children = (
				95D4584124AC623800C5466E /* AlamofireTest2 */,
				95D4584024AC623800C5466E /* Products */,
				8E8C36F9FB2C0B156A49D299 /* Pods */,
				79DCF235698ED5A47DE618DE /* Frameworks */,
			);
			sourceTree = "<group>";
		};
		95D4584024AC623800C5466E /* Products */ = {
			isa = PBXGroup;
			children = (
				95D4583F24AC623800C5466E /* AlamofireTest2.app */,
			);
			name = Products;
			sourceTree = "<group>";
		};
		95D4584124AC623800C5466E /* AlamofireTest2 */ = {
			isa = PBXGroup;
			children = (
				95D4584224AC623800C5466E /* AppDelegate.swift */,
				95D4584424AC623800C5466E /* SceneDelegate.swift */,
				95D4584624AC623800C5466E /* ViewController.swift */,
				95D4585624AC62BB00C5466E /* Service.swift */,
				95D4584824AC623800C5466E /* Main.storyboard */,
				95D4584B24AC623F00C5466E /* Assets.xcassets */,
				95D4584D24AC623F00C5466E /* LaunchScreen.storyboard */,
				95D4585024AC623F00C5466E /* Info.plist */,
				95D4585824AC63C000C5466E /* Country.swift */,
			);
			path = AlamofireTest2;
			sourceTree = "<group>";
		};
/* End PBXGroup section */

/* Begin PBXNativeTarget section */
		95D4583E24AC623800C5466E /* AlamofireTest2 */ = {
			isa = PBXNativeTarget;
			buildConfigurationList = 95D4585324AC623F00C5466E /* Build configuration list for PBXNativeTarget "AlamofireTest2" */;
			buildPhases = (
				871084B527D2F25DF7DD5279 /* [CP] Check Pods Manifest.lock */,
				95D4583B24AC623800C5466E /* Sources */,
				95D4583C24AC623800C5466E /* Frameworks */,
				95D4583D24AC623800C5466E /* Resources */,
				7B28C66BC3CF2D9A5173829E /* [CP] Embed Pods Frameworks */,
			);
			buildRules = (
			);
			dependencies = (
			);
			name = AlamofireTest2;
			productName = AlamofireTest2;
			productReference = 95D4583F24AC623800C5466E /* AlamofireTest2.app */;
			productType = "com.apple.product-type.application";
		};
/* End PBXNativeTarget section */

/* Begin PBXProject section */
		95D4583724AC623800C5466E /* Project object */ = {
			isa = PBXProject;
			attributes = {
				LastSwiftUpdateCheck = 1150;
				LastUpgradeCheck = 1150;
				ORGANIZATIONNAME = "Yuki Shinohara";
				TargetAttributes = {
					95D4583E24AC623800C5466E = {
						CreatedOnToolsVersion = 11.5;
					};
				};
			};
			buildConfigurationList = 95D4583A24AC623800C5466E /* Build configuration list for PBXProject "AlamofireTest2" */;
			compatibilityVersion = "Xcode 9.3";
			developmentRegion = en;
			hasScannedForEncodings = 0;
			knownRegions = (
				en,
				Base,
			);
			mainGroup = 95D4583624AC623800C5466E;
			productRefGroup = 95D4584024AC623800C5466E /* Products */;
			projectDirPath = "";
			projectRoot = "";
			targets = (
				95D4583E24AC623800C5466E /* AlamofireTest2 */,
			);
		};
/* End PBXProject section */

/* Begin PBXResourcesBuildPhase section */
		95D4583D24AC623800C5466E /* Resources */ = {
			isa = PBXResourcesBuildPhase;
			buildActionMask = 2147483647;
			files = (
				95D4584F24AC623F00C5466E /* LaunchScreen.storyboard in Resources */,
				95D4584C24AC623F00C5466E /* Assets.xcassets in Resources */,
				95D4584A24AC623800C5466E /* Main.storyboard in Resources */,
			);
			runOnlyForDeploymentPostprocessing = 0;
		};
/* End PBXResourcesBuildPhase section */

/* Begin PBXShellScriptBuildPhase section */
		7B28C66BC3CF2D9A5173829E /* [CP] Embed Pods Frameworks */ = {
			isa = PBXShellScriptBuildPhase;
			buildActionMask = 2147483647;
			files = (
			);
			inputFileListPaths = (
				"${PODS_ROOT}/Target Support Files/Pods-AlamofireTest2/Pods-AlamofireTest2-frameworks-${CONFIGURATION}-input-files.xcfilelist",
			);
			name = "[CP] Embed Pods Frameworks";
			outputFileListPaths = (
				"${PODS_ROOT}/Target Support Files/Pods-AlamofireTest2/Pods-AlamofireTest2-frameworks-${CONFIGURATION}-output-files.xcfilelist",
			);
			runOnlyForDeploymentPostprocessing = 0;
			shellPath = /bin/sh;
			shellScript = "\"${PODS_ROOT}/Target Support Files/Pods-AlamofireTest2/Pods-AlamofireTest2-frameworks.sh\"\n";
			showEnvVarsInLog = 0;
		};
		871084B527D2F25DF7DD5279 /* [CP] Check Pods Manifest.lock */ = {
			isa = PBXShellScriptBuildPhase;
			buildActionMask = 2147483647;
			files = (
			);
			inputFileListPaths = (
			);
			inputPaths = (
				"${PODS_PODFILE_DIR_PATH}/Podfile.lock",
				"${PODS_ROOT}/Manifest.lock",
			);
			name = "[CP] Check Pods Manifest.lock";
			outputFileListPaths = (
			);
			outputPaths = (
				"$(DERIVED_FILE_DIR)/Pods-AlamofireTest2-checkManifestLockResult.txt",
			);
			runOnlyForDeploymentPostprocessing = 0;
			shellPath = /bin/sh;
			shellScript = "diff \"${PODS_PODFILE_DIR_PATH}/Podfile.lock\" \"${PODS_ROOT}/Manifest.lock\" > /dev/null\nif [ $? != 0 ] ; then\n    # print error to STDERR\n    echo \"error: The sandbox is not in sync with the Podfile.lock. Run 'pod install' or update your CocoaPods installation.\" >&2\n    exit 1\nfi\n# This output is used by Xcode 'outputs' to avoid re-running this script phase.\necho \"SUCCESS\" > \"${SCRIPT_OUTPUT_FILE_0}\"\n";
			showEnvVarsInLog = 0;
		};
/* End PBXShellScriptBuildPhase section */

/* Begin PBXSourcesBuildPhase section */
		95D4583B24AC623800C5466E /* Sources */ = {
			isa = PBXSourcesBuildPhase;
			buildActionMask = 2147483647;
			files = (
				95D4584724AC623800C5466E /* ViewController.swift in Sources */,
				95D4585724AC62BB00C5466E /* Service.swift in Sources */,
				95D4584324AC623800C5466E /* AppDelegate.swift in Sources */,
				95D4585924AC63C000C5466E /* Country.swift in Sources */,
				95D4584524AC623800C5466E /* SceneDelegate.swift in Sources */,
			);
			runOnlyForDeploymentPostprocessing = 0;
		};
/* End PBXSourcesBuildPhase section */

/* Begin PBXVariantGroup section */
		95D4584824AC623800C5466E /* Main.storyboard */ = {
			isa = PBXVariantGroup;
			children = (
				95D4584924AC623800C5466E /* Base */,
			);
			name = Main.storyboard;
			sourceTree = "<group>";
		};
		95D4584D24AC623F00C5466E /* LaunchScreen.storyboard */ = {
			isa = PBXVariantGroup;
			children = (
				95D4584E24AC623F00C5466E /* Base */,
			);
			name = LaunchScreen.storyboard;
			sourceTree = "<group>";
		};
/* End PBXVariantGroup section */

/* Begin XCBuildConfiguration section */
		95D4585124AC623F00C5466E /* Debug */ = {
			isa = XCBuildConfiguration;
			buildSettings = {
				ALWAYS_SEARCH_USER_PATHS = NO;
				CLANG_ANALYZER_NONNULL = YES;
				CLANG_ANALYZER_NUMBER_OBJECT_CONVERSION = YES_AGGRESSIVE;
				CLANG_CXX_LANGUAGE_STANDARD = "gnu++14";
				CLANG_CXX_LIBRARY = "libc++";
				CLANG_ENABLE_MODULES = YES;
				CLANG_ENABLE_OBJC_ARC = YES;
				CLANG_ENABLE_OBJC_WEAK = YES;
				CLANG_WARN_BLOCK_CAPTURE_AUTORELEASING = YES;
				CLANG_WARN_BOOL_CONVERSION = YES;
				CLANG_WARN_COMMA = YES;
				CLANG_WARN_CONSTANT_CONVERSION = YES;
				CLANG_WARN_DEPRECATED_OBJC_IMPLEMENTATIONS = YES;
				CLANG_WARN_DIRECT_OBJC_ISA_USAGE = YES_ERROR;
				CLANG_WARN_DOCUMENTATION_COMMENTS = YES;
				CLANG_WARN_EMPTY_BODY = YES;
				CLANG_WARN_ENUM_CONVERSION = YES;
				CLANG_WARN_INFINITE_RECURSION = YES;
				CLANG_WARN_INT_CONVERSION = YES;
				CLANG_WARN_NON_LITERAL_NULL_CONVERSION = YES;
				CLANG_WARN_OBJC_IMPLICIT_RETAIN_SELF = YES;
				CLANG_WARN_OBJC_LITERAL_CONVERSION = YES;
				CLANG_WARN_OBJC_ROOT_CLASS = YES_ERROR;
				CLANG_WARN_RANGE_LOOP_ANALYSIS = YES;
				CLANG_WARN_STRICT_PROTOTYPES = YES;
				CLANG_WARN_SUSPICIOUS_MOVE = YES;
				CLANG_WARN_UNGUARDED_AVAILABILITY = YES_AGGRESSIVE;
				CLANG_WARN_UNREACHABLE_CODE = YES;
				CLANG_WARN__DUPLICATE_METHOD_MATCH = YES;
				COPY_PHASE_STRIP = NO;
				DEBUG_INFORMATION_FORMAT = dwarf;
				ENABLE_STRICT_OBJC_MSGSEND = YES;
				ENABLE_TESTABILITY = YES;
				GCC_C_LANGUAGE_STANDARD = gnu11;
				GCC_DYNAMIC_NO_PIC = NO;
				GCC_NO_COMMON_BLOCKS = YES;
				GCC_OPTIMIZATION_LEVEL = 0;
				GCC_PREPROCESSOR_DEFINITIONS = (
					"DEBUG=1",
					"$(inherited)",
				);
				GCC_WARN_64_TO_32_BIT_CONVERSION = YES;
				GCC_WARN_ABOUT_RETURN_TYPE = YES_ERROR;
				GCC_WARN_UNDECLARED_SELECTOR = YES;
				GCC_WARN_UNINITIALIZED_AUTOS = YES_AGGRESSIVE;
				GCC_WARN_UNUSED_FUNCTION = YES;
				GCC_WARN_UNUSED_VARIABLE = YES;
				IPHONEOS_DEPLOYMENT_TARGET = 13.5;
				MTL_ENABLE_DEBUG_INFO = INCLUDE_SOURCE;
				MTL_FAST_MATH = YES;
				ONLY_ACTIVE_ARCH = YES;
				SDKROOT = iphoneos;
				SWIFT_ACTIVE_COMPILATION_CONDITIONS = DEBUG;
				SWIFT_OPTIMIZATION_LEVEL = "-Onone";
			};
			name = Debug;
		};
		95D4585224AC623F00C5466E /* Release */ = {
			isa = XCBuildConfiguration;
			buildSettings = {
				ALWAYS_SEARCH_USER_PATHS = NO;
				CLANG_ANALYZER_NONNULL = YES;
				CLANG_ANALYZER_NUMBER_OBJECT_CONVERSION = YES_AGGRESSIVE;
				CLANG_CXX_LANGUAGE_STANDARD = "gnu++14";
				CLANG_CXX_LIBRARY = "libc++";
				CLANG_ENABLE_MODULES = YES;
				CLANG_ENABLE_OBJC_ARC = YES;
				CLANG_ENABLE_OBJC_WEAK = YES;
				CLANG_WARN_BLOCK_CAPTURE_AUTORELEASING = YES;
				CLANG_WARN_BOOL_CONVERSION = YES;
				CLANG_WARN_COMMA = YES;
				CLANG_WARN_CONSTANT_CONVERSION = YES;
				CLANG_WARN_DEPRECATED_OBJC_IMPLEMENTATIONS = YES;
				CLANG_WARN_DIRECT_OBJC_ISA_USAGE = YES_ERROR;
				CLANG_WARN_DOCUMENTATION_COMMENTS = YES;
				CLANG_WARN_EMPTY_BODY = YES;
				CLANG_WARN_ENUM_CONVERSION = YES;
				CLANG_WARN_INFINITE_RECURSION = YES;
				CLANG_WARN_INT_CONVERSION = YES;
				CLANG_WARN_NON_LITERAL_NULL_CONVERSION = YES;
				CLANG_WARN_OBJC_IMPLICIT_RETAIN_SELF = YES;
				CLANG_WARN_OBJC_LITERAL_CONVERSION = YES;
				CLANG_WARN_OBJC_ROOT_CLASS = YES_ERROR;
				CLANG_WARN_RANGE_LOOP_ANALYSIS = YES;
				CLANG_WARN_STRICT_PROTOTYPES = YES;
				CLANG_WARN_SUSPICIOUS_MOVE = YES;
				CLANG_WARN_UNGUARDED_AVAILABILITY = YES_AGGRESSIVE;
				CLANG_WARN_UNREACHABLE_CODE = YES;
				CLANG_WARN__DUPLICATE_METHOD_MATCH = YES;
				COPY_PHASE_STRIP = NO;
				DEBUG_INFORMATION_FORMAT = "dwarf-with-dsym";
				ENABLE_NS_ASSERTIONS = NO;
				ENABLE_STRICT_OBJC_MSGSEND = YES;
				GCC_C_LANGUAGE_STANDARD = gnu11;
				GCC_NO_COMMON_BLOCKS = YES;
				GCC_WARN_64_TO_32_BIT_CONVERSION = YES;
				GCC_WARN_ABOUT_RETURN_TYPE = YES_ERROR;
				GCC_WARN_UNDECLARED_SELECTOR = YES;
				GCC_WARN_UNINITIALIZED_AUTOS = YES_AGGRESSIVE;
				GCC_WARN_UNUSED_FUNCTION = YES;
				GCC_WARN_UNUSED_VARIABLE = YES;
				IPHONEOS_DEPLOYMENT_TARGET = 13.5;
				MTL_ENABLE_DEBUG_INFO = NO;
				MTL_FAST_MATH = YES;
				SDKROOT = iphoneos;
				SWIFT_COMPILATION_MODE = wholemodule;
				SWIFT_OPTIMIZATION_LEVEL = "-O";
				VALIDATE_PRODUCT = YES;
			};
			name = Release;
		};
		95D4585424AC623F00C5466E /* Debug */ = {
			isa = XCBuildConfiguration;
			baseConfigurationReference = DE0042A948A44A2FD420286F /* Pods-AlamofireTest2.debug.xcconfig */;
			buildSettings = {
				ASSETCATALOG_COMPILER_APPICON_NAME = AppIcon;
				CODE_SIGN_STYLE = Automatic;
				DEVELOPMENT_TEAM = 7RFPAQ2NAA;
				INFOPLIST_FILE = AlamofireTest2/Info.plist;
				LD_RUNPATH_SEARCH_PATHS = (
					"$(inherited)",
					"@executable_path/Frameworks",
				);
				PRODUCT_BUNDLE_IDENTIFIER = com.shino.AlamofireTest2;
				PRODUCT_NAME = "$(TARGET_NAME)";
				SWIFT_VERSION = 5.0;
				TARGETED_DEVICE_FAMILY = "1,2";
			};
			name = Debug;
		};
		95D4585524AC623F00C5466E /* Release */ = {
			isa = XCBuildConfiguration;
			baseConfigurationReference = 494A57A192D17770E0B398E3 /* Pods-AlamofireTest2.release.xcconfig */;
			buildSettings = {
				ASSETCATALOG_COMPILER_APPICON_NAME = AppIcon;
				CODE_SIGN_STYLE = Automatic;
				DEVELOPMENT_TEAM = 7RFPAQ2NAA;
				INFOPLIST_FILE = AlamofireTest2/Info.plist;
				LD_RUNPATH_SEARCH_PATHS = (
					"$(inherited)",
					"@executable_path/Frameworks",
				);
				PRODUCT_BUNDLE_IDENTIFIER = com.shino.AlamofireTest2;
				PRODUCT_NAME = "$(TARGET_NAME)";
				SWIFT_VERSION = 5.0;
				TARGETED_DEVICE_FAMILY = "1,2";
			};
			name = Release;
		};
/* End XCBuildConfiguration section */

/* Begin XCConfigurationList section */
		95D4583A24AC623800C5466E /* Build configuration list for PBXProject "AlamofireTest2" */ = {
			isa = XCConfigurationList;
			buildConfigurations = (
				95D4585124AC623F00C5466E /* Debug */,
				95D4585224AC623F00C5466E /* Release */,
			);
			defaultConfigurationIsVisible = 0;
			defaultConfigurationName = Release;
		};
		95D4585324AC623F00C5466E /* Build configuration list for PBXNativeTarget "AlamofireTest2" */ = {
			isa = XCConfigurationList;
			buildConfigurations = (
				95D4585424AC623F00C5466E /* Debug */,
				95D4585524AC623F00C5466E /* Release */,
			);
			defaultConfigurationIsVisible = 0;
			defaultConfigurationName = Release;
		};
/* End XCConfigurationList section */
	};
	rootObject = 95D4583724AC623800C5466E /* Project object */;
}
